// !$*UTF8*$!
{
	archiveVersion = 1;
	classes = {
	};
	objectVersion = 46;
	objects = {

/* Begin PBXFileReference section */
		7EE9A6C9133C88B100922D7A /* main.cpp */ = {isa = PBXFileReference; fileEncoding = 4; lastKnownFileType = sourcecode.cpp.cpp; path = main.cpp; sourceTree = "<group>"; };
		7EE9A6CA133C88B100922D7A /* Makefile */ = {isa = PBXFileReference; fileEncoding = 4; lastKnownFileType = sourcecode.make; path = Makefile; sourceTree = "<group>"; };
		7EE9A6CB133C88B100922D7A /* pixel-shader1.txt */ = {isa = PBXFileReference; fileEncoding = 4; lastKnownFileType = text; path = "pixel-shader1.txt"; sourceTree = "<group>"; };
		7EE9A6CC133C88B100922D7A /* pixel-shader2.txt */ = {isa = PBXFileReference; fileEncoding = 4; lastKnownFileType = text; path = "pixel-shader2.txt"; sourceTree = "<group>"; };
		7EE9A6CD133C88B100922D7A /* pixel-shader3.txt */ = {isa = PBXFileReference; fileEncoding = 4; lastKnownFileType = text; path = "pixel-shader3.txt"; sourceTree = "<group>"; };
		7EE9A6CE133C88B100922D7A /* vertex-shader1.txt */ = {isa = PBXFileReference; fileEncoding = 4; lastKnownFileType = text; path = "vertex-shader1.txt"; sourceTree = "<group>"; };
		7EE9A6CF133C88B100922D7A /* vertex-shader2.txt */ = {isa = PBXFileReference; fileEncoding = 4; lastKnownFileType = text; path = "vertex-shader2.txt"; sourceTree = "<group>"; };
		7EE9A6D0133C88B100922D7A /* vertex-shader3.txt */ = {isa = PBXFileReference; fileEncoding = 4; lastKnownFileType = text; path = "vertex-shader3.txt"; sourceTree = "<group>"; };
/* End PBXFileReference section */

/* Begin PBXGroup section */
		7EE9A6BC133C888700922D7A = {
			isa = PBXGroup;
			children = (
				7EE9A6C9133C88B100922D7A /* main.cpp */,
				7EE9A6CA133C88B100922D7A /* Makefile */,
				7EE9A6CB133C88B100922D7A /* pixel-shader1.txt */,
				7EE9A6CC133C88B100922D7A /* pixel-shader2.txt */,
				7EE9A6CD133C88B100922D7A /* pixel-shader3.txt */,
				7EE9A6CE133C88B100922D7A /* vertex-shader1.txt */,
				7EE9A6CF133C88B100922D7A /* vertex-shader2.txt */,
				7EE9A6D0133C88B100922D7A /* vertex-shader3.txt */,
			);
			sourceTree = "<group>";
		};
/* End PBXGroup section */

/* Begin PBXLegacyTarget section */
		7EE9A6C3133C888700922D7A /* VectorField */ = {
			isa = PBXLegacyTarget;
			buildArgumentsString = "$(ACTION)";
			buildConfigurationList = 7EE9A6C6133C888700922D7A /* Build configuration list for PBXLegacyTarget "VectorField" */;
			buildPhases = (
			);
			buildToolPath = /usr/bin/make;
			dependencies = (
			);
			name = VectorField;
			passBuildSettingsInEnvironment = 1;
			productName = VectorField;
		};
/* End PBXLegacyTarget section */

/* Begin PBXProject section */
		7EE9A6BE133C888700922D7A /* Project object */ = {
			isa = PBXProject;
			attributes = {
				ORGANIZATIONNAME = "Colorado School of Mines";
			};
			buildConfigurationList = 7EE9A6C1133C888700922D7A /* Build configuration list for PBXProject "VectorField" */;
			compatibilityVersion = "Xcode 3.2";
			developmentRegion = English;
			hasScannedForEncodings = 0;
			knownRegions = (
				en,
			);
			mainGroup = 7EE9A6BC133C888700922D7A;
			projectDirPath = "";
			projectRoot = "";
			targets = (
				7EE9A6C3133C888700922D7A /* VectorField */,
			);
		};
/* End PBXProject section */

/* Begin XCBuildConfiguration section */
		7EE9A6C4133C888700922D7A /* Debug */ = {
			isa = XCBuildConfiguration;
			buildSettings = {
				ARCHS = "$(ARCHS_STANDARD_32_64_BIT)";
				GCC_C_LANGUAGE_STANDARD = gnu99;
				GCC_OPTIMIZATION_LEVEL = 0;
				GCC_PREPROCESSOR_DEFINITIONS = DEBUG;
				GCC_SYMBOLS_PRIVATE_EXTERN = NO;
				GCC_VERSION = com.apple.compilers.llvm.clang.1_0;
				GCC_WARN_64_TO_32_BIT_CONVERSION = YES;
				GCC_WARN_ABOUT_RETURN_TYPE = YES;
				GCC_WARN_UNUSED_VARIABLE = YES;
				MACOSX_DEPLOYMENT_TARGET = 10.6;
				ONLY_ACTIVE_ARCH = YES;
				SDKROOT = macosx;
			};
			name = Debug;
		};
		7EE9A6C5133C888700922D7A /* Release */ = {
			isa = XCBuildConfiguration;
			buildSettings = {
				ARCHS = "$(ARCHS_STANDARD_32_64_BIT)";
				GCC_C_LANGUAGE_STANDARD = gnu99;
				GCC_VERSION = com.apple.compilers.llvm.clang.1_0;
				GCC_WARN_64_TO_32_BIT_CONVERSION = YES;
				GCC_WARN_ABOUT_RETURN_TYPE = YES;
				GCC_WARN_UNUSED_VARIABLE = YES;
				MACOSX_DEPLOYMENT_TARGET = 10.6;
				SDKROOT = macosx;
			};
			name = Release;
		};
		7EE9A6C7133C888700922D7A /* Debug */ = {
			isa = XCBuildConfiguration;
			buildSettings = {
				ALWAYS_SEARCH_USER_PATHS = NO;
				COPY_PHASE_STRIP = NO;
				DEBUGGING_SYMBOLS = YES;
				GCC_DYNAMIC_NO_PIC = NO;
				GCC_ENABLE_OBJC_EXCEPTIONS = YES;
				GCC_GENERATE_DEBUGGING_SYMBOLS = YES;
				GCC_OPTIMIZATION_LEVEL = 0;
				OTHER_CFLAGS = "";
				OTHER_LDFLAGS = "";
				PRODUCT_NAME = "$(TARGET_NAME)";
			};
			name = Debug;
		};
		7EE9A6C8133C888700922D7A /* Release */ = {
			isa = XCBuildConfiguration;
			buildSettings = {
				ALWAYS_SEARCH_USER_PATHS = NO;
				COPY_PHASE_STRIP = YES;
				DEBUG_INFORMATION_FORMAT = "dwarf-with-dsym";
				GCC_ENABLE_OBJC_EXCEPTIONS = YES;
				OTHER_CFLAGS = "";
				OTHER_LDFLAGS = "";
				PRODUCT_NAME = "$(TARGET_NAME)";
			};
			name = Release;
		};
/* End XCBuildConfiguration section */

/* Begin XCConfigurationList section */
		7EE9A6C1133C888700922D7A /* Build configuration list for PBXProject "VectorField" */ = {
			isa = XCConfigurationList;
			buildConfigurations = (
				7EE9A6C4133C888700922D7A /* Debug */,
				7EE9A6C5133C888700922D7A /* Release */,
			);
			defaultConfigurationIsVisible = 0;
			defaultConfigurationName = Release;
		};
		7EE9A6C6133C888700922D7A /* Build configuration list for PBXLegacyTarget "VectorField" */ = {
			isa = XCConfigurationList;
			buildConfigurations = (
				7EE9A6C7133C888700922D7A /* Debug */,
				7EE9A6C8133C888700922D7A /* Release */,
			);
			defaultConfigurationIsVisible = 0;
		};
/* End XCConfigurationList section */
	};
	rootObject = 7EE9A6BE133C888700922D7A /* Project object */;
}
